<?xml version="1.0" encoding="UTF-8" standalone="yes" ?>
<CodeBlocks_project_file>
	<FileVersion major="1" minor="6" />
	<Project>
		<Option title="TP FINAL LAB2" />
		<Option pch_mode="2" />
		<Option compiler="gcc" />
		<Build>
			<Target title="Debug">
				<Option output="bin/Debug/TP FINAL LAB2" prefix_auto="1" extension_auto="1" />
				<Option object_output="obj/Debug/" />
				<Option type="1" />
				<Option compiler="gcc" />
				<Compiler>
					<Add option="-g" />
				</Compiler>
			</Target>
			<Target title="Release">
				<Option output="bin/Release/TP FINAL LAB2" prefix_auto="1" extension_auto="1" />
				<Option object_output="obj/Release/" />
				<Option type="1" />
				<Option compiler="gcc" />
				<Compiler>
					<Add option="-O2" />
				</Compiler>
				<Linker>
					<Add option="-s" />
				</Linker>
			</Target>
		</Build>
		<Compiler>
			<Add option="-Wall" />
			<Add option="-fexceptions" />
		</Compiler>
		<Unit filename="clsArchivoContrasenias.h" />
		<Unit filename="clsArchivoProductos.h">
			<Option target="&lt;{~None~}&gt;" />
		</Unit>
		<Unit filename="clsArchivoTurnosPelu.h" />
		<Unit filename="clsArchivoTurnosVet.h" />
		<Unit filename="clsAuxiliares.h" />
		<Unit filename="clsClientes.h" />
		<Unit filename="clsPacientes.h" />
		<Unit filename="clsPeluqueria.h" />
		<Unit filename="clsPersonal.h" />
		<Unit filename="clsProductos.h">
			<Option target="&lt;{~None~}&gt;" />
		</Unit>
		<Unit filename="clsTurnoPelu.h" />
		<Unit filename="clsTurnosVet.h" />
		<Unit filename="main.cpp" />
		<Unit filename="menuPelu.h" />
		<Unit filename="menuPetShop.h" />
		<Unit filename="menuPrincipal.h" />
		<Unit filename="menuSupervision.h" />
		<Unit filename="menuVet.h" />
		<Extensions />
	</Project>
</CodeBlocks_project_file>
